
Microsoft Visual Studio Solution File, Format Version 12.00
# Visual Studio Version 17
VisualStudioVersion = 17.7.34031.279
MinimumVisualStudioVersion = 10.0.40219.1
Project("{FAE04EC0-301F-11D3-BF4B-00C04F79EFBC}") = "CertificateApp1", "CertificateApp1\CertificateApp1.csproj", "{838EBEAC-F042-4A95-9BA6-6B92CB2A1098}"
EndProject
Project("{FAE04EC0-301F-11D3-BF4B-00C04F79EFBC}") = "CertificateApp1.Test", "CertificateApp1.Test\CertificateApp1.Test.csproj", "{016F9F41-C220-496A-848E-FF9B1826DA22}"
EndProject
Global
	GlobalSection(SolutionConfigurationPlatforms) = preSolution
		Debug|Any CPU = Debug|Any CPU
		Release|Any CPU = Release|Any CPU
	EndGlobalSection
	GlobalSection(ProjectConfigurationPlatforms) = postSolution
		{838EBEAC-F042-4A95-9BA6-6B92CB2A1098}.Debug|Any CPU.ActiveCfg = Debug|Any CPU
		{838EBEAC-F042-4A95-9BA6-6B92CB2A1098}.Debug|Any CPU.Build.0 = Debug|Any CPU
		{838EBEAC-F042-4A95-9BA6-6B92CB2A1098}.Release|Any CPU.ActiveCfg = Release|Any CPU
		{838EBEAC-F042-4A95-9BA6-6B92CB2A1098}.Release|Any CPU.Build.0 = Release|Any CPU
		{016F9F41-C220-496A-848E-FF9B1826DA22}.Debug|Any CPU.ActiveCfg = Debug|Any CPU
		{016F9F41-C220-496A-848E-FF9B1826DA22}.Debug|Any CPU.Build.0 = Debug|Any CPU
		{016F9F41-C220-496A-848E-FF9B1826DA22}.Release|Any CPU.ActiveCfg = Release|Any CPU
		{016F9F41-C220-496A-848E-FF9B1826DA22}.Release|Any CPU.Build.0 = Release|Any CPU
	EndGlobalSection
	GlobalSection(SolutionProperties) = preSolution
		HideSolutionNode = FALSE
	EndGlobalSection
	GlobalSection(ExtensibilityGlobals) = postSolution
		SolutionGuid = {FD97A4DD-19FC-4BCF-B86B-6C3066A2EB83}
	EndGlobalSection
EndGlobal
